
Microsoft Visual Studio Solution File, Format Version 12.00
# Visual Studio Version 17
VisualStudioVersion = 17.0.31903.59
MinimumVisualStudioVersion = 10.0.40219.1
Project("{2150E333-8FDC-42A3-9474-1A3956D46DE8}") = "homepage", "homepage", "{13EB212B-754E-40AC-B323-83C5E8F55A5C}"
EndProject
Project("{F2A71F9B-5D33-465A-A702-920D77279786}") = "HtmlGenerator", "HtmlGenerator\HtmlGenerator.fsproj", "{91B2D122-4338-4A4E-95B4-7E8E654889E5}"
EndProject
Project("{2150E333-8FDC-42A3-9474-1A3956D46DE8}") = "notes", "notes", "{8F949357-66CC-4234-8FAE-85419D29F54C}"
	ProjectSection(SolutionItems) = preProject
		notes\post1.md = notes\post1.md
	EndProjectSection
EndProject
Global
	GlobalSection(SolutionConfigurationPlatforms) = preSolution
		Debug|Any CPU = Debug|Any CPU
		Release|Any CPU = Release|Any CPU
	EndGlobalSection
	GlobalSection(SolutionProperties) = preSolution
		HideSolutionNode = FALSE
	EndGlobalSection
	GlobalSection(ProjectConfigurationPlatforms) = postSolution
		{91B2D122-4338-4A4E-95B4-7E8E654889E5}.Debug|Any CPU.ActiveCfg = Debug|Any CPU
		{91B2D122-4338-4A4E-95B4-7E8E654889E5}.Debug|Any CPU.Build.0 = Debug|Any CPU
		{91B2D122-4338-4A4E-95B4-7E8E654889E5}.Release|Any CPU.ActiveCfg = Release|Any CPU
		{91B2D122-4338-4A4E-95B4-7E8E654889E5}.Release|Any CPU.Build.0 = Release|Any CPU
	EndGlobalSection
	GlobalSection(NestedProjects) = preSolution
	EndGlobalSection
EndGlobal
