<Solution>
  <Folder Name="/homepage/">
    <File Path="homepage\favicon.ico" />
    <File Path="homepage\index.html" />
    <File Path="homepage\app.css" />
  </Folder>
  <Folder Name="/notes/" />
  <Project Path="Notes.Tests\Notes.Tests.fsproj" Type="Classic F#" />
  <Project Path="Notes\Notes.fsproj" Type="Classic F#" />
</Solution>